// !$*UTF8*$!
{
	archiveVersion = 1;
	classes = {
	};
	objectVersion = 50;
	objects = {

/* Begin PBXBuildFile section */
		D78DFE4025458FAD009673B3 /* AppDelegate.swift in Sources */ = {isa = PBXBuildFile; fileRef = D78DFE3F25458FAD009673B3 /* AppDelegate.swift */; };
		D78DFE4225458FAD009673B3 /* SceneDelegate.swift in Sources */ = {isa = PBXBuildFile; fileRef = D78DFE4125458FAD009673B3 /* SceneDelegate.swift */; };
		D78DFE4425458FAD009673B3 /* ViewController.swift in Sources */ = {isa = PBXBuildFile; fileRef = D78DFE4325458FAD009673B3 /* ViewController.swift */; };
		D78DFE4725458FAD009673B3 /* Main.storyboard in Resources */ = {isa = PBXBuildFile; fileRef = D78DFE4525458FAD009673B3 /* Main.storyboard */; };
		D78DFE4A25458FAD009673B3 /* SampleSwiftLint.xcdatamodeld in Sources */ = {isa = PBXBuildFile; fileRef = D78DFE4825458FAD009673B3 /* SampleSwiftLint.xcdatamodeld */; };
		D78DFE4C25458FAE009673B3 /* Assets.xcassets in Resources */ = {isa = PBXBuildFile; fileRef = D78DFE4B25458FAE009673B3 /* Assets.xcassets */; };
		D78DFE4F25458FAE009673B3 /* LaunchScreen.storyboard in Resources */ = {isa = PBXBuildFile; fileRef = D78DFE4D25458FAE009673B3 /* LaunchScreen.storyboard */; };
		FFBE3176CF44C855931FC413 /* Pods_SampleSwiftLint.framework in Frameworks */ = {isa = PBXBuildFile; fileRef = 422C9F4C91907AE4C1B2DFEE /* Pods_SampleSwiftLint.framework */; };
/* End PBXBuildFile section */

/* Begin PBXFileReference section */
		422C9F4C91907AE4C1B2DFEE /* Pods_SampleSwiftLint.framework */ = {isa = PBXFileReference; explicitFileType = wrapper.framework; includeInIndex = 0; path = Pods_SampleSwiftLint.framework; sourceTree = BUILT_PRODUCTS_DIR; };
		D76610E004BE0D87C4AD6DF6 /* Pods-SampleSwiftLint.debug.xcconfig */ = {isa = PBXFileReference; includeInIndex = 1; lastKnownFileType = text.xcconfig; name = "Pods-SampleSwiftLint.debug.xcconfig"; path = "Target Support Files/Pods-SampleSwiftLint/Pods-SampleSwiftLint.debug.xcconfig"; sourceTree = "<group>"; };
		D78DFE3C25458FAD009673B3 /* SampleSwiftLint.app */ = {isa = PBXFileReference; explicitFileType = wrapper.application; includeInIndex = 0; path = SampleSwiftLint.app; sourceTree = BUILT_PRODUCTS_DIR; };
		D78DFE3F25458FAD009673B3 /* AppDelegate.swift */ = {isa = PBXFileReference; lastKnownFileType = sourcecode.swift; path = AppDelegate.swift; sourceTree = "<group>"; };
		D78DFE4125458FAD009673B3 /* SceneDelegate.swift */ = {isa = PBXFileReference; lastKnownFileType = sourcecode.swift; path = SceneDelegate.swift; sourceTree = "<group>"; };
		D78DFE4325458FAD009673B3 /* ViewController.swift */ = {isa = PBXFileReference; lastKnownFileType = sourcecode.swift; path = ViewController.swift; sourceTree = "<group>"; };
		D78DFE4625458FAD009673B3 /* Base */ = {isa = PBXFileReference; lastKnownFileType = file.storyboard; name = Base; path = Base.lproj/Main.storyboard; sourceTree = "<group>"; };
		D78DFE4925458FAD009673B3 /* SampleSwiftLint.xcdatamodel */ = {isa = PBXFileReference; lastKnownFileType = wrapper.xcdatamodel; path = SampleSwiftLint.xcdatamodel; sourceTree = "<group>"; };
		D78DFE4B25458FAE009673B3 /* Assets.xcassets */ = {isa = PBXFileReference; lastKnownFileType = folder.assetcatalog; path = Assets.xcassets; sourceTree = "<group>"; };
		D78DFE4E25458FAE009673B3 /* Base */ = {isa = PBXFileReference; lastKnownFileType = file.storyboard; name = Base; path = Base.lproj/LaunchScreen.storyboard; sourceTree = "<group>"; };
		D78DFE5025458FAE009673B3 /* Info.plist */ = {isa = PBXFileReference; lastKnownFileType = text.plist.xml; path = Info.plist; sourceTree = "<group>"; };
		DFEB23A27AFB9A6338DB6D9A /* Pods-SampleSwiftLint.release.xcconfig */ = {isa = PBXFileReference; includeInIndex = 1; lastKnownFileType = text.xcconfig; name = "Pods-SampleSwiftLint.release.xcconfig"; path = "Target Support Files/Pods-SampleSwiftLint/Pods-SampleSwiftLint.release.xcconfig"; sourceTree = "<group>"; };
/* End PBXFileReference section */

/* Begin PBXFrameworksBuildPhase section */
		D78DFE3925458FAD009673B3 /* Frameworks */ = {
			isa = PBXFrameworksBuildPhase;
			buildActionMask = 2147483647;
			files = (
				FFBE3176CF44C855931FC413 /* Pods_SampleSwiftLint.framework in Frameworks */,
			);
			runOnlyForDeploymentPostprocessing = 0;
		};
/* End PBXFrameworksBuildPhase section */

/* Begin PBXGroup section */
		2A4CA25D25403A90D0009FE8 /* Frameworks */ = {
			isa = PBXGroup;
			children = (
				422C9F4C91907AE4C1B2DFEE /* Pods_SampleSwiftLint.framework */,
			);
			name = Frameworks;
			sourceTree = "<group>";
		};
		6A39BE051AA8F21322A782DF /* Pods */ = {
			isa = PBXGroup;
			children = (
				D76610E004BE0D87C4AD6DF6 /* Pods-SampleSwiftLint.debug.xcconfig */,
				DFEB23A27AFB9A6338DB6D9A /* Pods-SampleSwiftLint.release.xcconfig */,
			);
			name = Pods;
			path = Pods;
			sourceTree = "<group>";
		};
		D78DFE3325458FAD009673B3 = {
			isa = PBXGroup;
			children = (
				D78DFE3E25458FAD009673B3 /* SampleSwiftLint */,
				D78DFE3D25458FAD009673B3 /* Products */,
				6A39BE051AA8F21322A782DF /* Pods */,
				2A4CA25D25403A90D0009FE8 /* Frameworks */,
			);
			sourceTree = "<group>";
		};
		D78DFE3D25458FAD009673B3 /* Products */ = {
			isa = PBXGroup;
			children = (
				D78DFE3C25458FAD009673B3 /* SampleSwiftLint.app */,
			);
			name = Products;
			sourceTree = "<group>";
		};
		D78DFE3E25458FAD009673B3 /* SampleSwiftLint */ = {
			isa = PBXGroup;
			children = (
				D78DFE3F25458FAD009673B3 /* AppDelegate.swift */,
				D78DFE4125458FAD009673B3 /* SceneDelegate.swift */,
				D78DFE4325458FAD009673B3 /* ViewController.swift */,
				D78DFE4525458FAD009673B3 /* Main.storyboard */,
				D78DFE4B25458FAE009673B3 /* Assets.xcassets */,
				D78DFE4D25458FAE009673B3 /* LaunchScreen.storyboard */,
				D78DFE5025458FAE009673B3 /* Info.plist */,
				D78DFE4825458FAD009673B3 /* SampleSwiftLint.xcdatamodeld */,
			);
			path = SampleSwiftLint;
			sourceTree = "<group>";
		};
/* End PBXGroup section */

/* Begin PBXNativeTarget section */
		D78DFE3B25458FAD009673B3 /* SampleSwiftLint */ = {
			isa = PBXNativeTarget;
			buildConfigurationList = D78DFE5325458FAE009673B3 /* Build configuration list for PBXNativeTarget "SampleSwiftLint" */;
			buildPhases = (
				9584EBD778DC728F570DFBBD /* [CP] Check Pods Manifest.lock */,
				D78DFE3825458FAD009673B3 /* Sources */,
				D78DFE3925458FAD009673B3 /* Frameworks */,
				D78DFE3A25458FAD009673B3 /* Resources */,
			);
			buildRules = (
			);
			dependencies = (
			);
			name = SampleSwiftLint;
			productName = SampleSwiftLint;
			productReference = D78DFE3C25458FAD009673B3 /* SampleSwiftLint.app */;
			productType = "com.apple.product-type.application";
		};
/* End PBXNativeTarget section */

/* Begin PBXProject section */
		D78DFE3425458FAD009673B3 /* Project object */ = {
			isa = PBXProject;
			attributes = {
				LastSwiftUpdateCheck = 1210;
				LastUpgradeCheck = 1210;
				TargetAttributes = {
					D78DFE3B25458FAD009673B3 = {
						CreatedOnToolsVersion = 12.1;
					};
				};
			};
			buildConfigurationList = D78DFE3725458FAD009673B3 /* Build configuration list for PBXProject "SampleSwiftLint" */;
			compatibilityVersion = "Xcode 9.3";
			developmentRegion = en;
			hasScannedForEncodings = 0;
			knownRegions = (
				en,
				Base,
			);
			mainGroup = D78DFE3325458FAD009673B3;
			productRefGroup = D78DFE3D25458FAD009673B3 /* Products */;
			projectDirPath = "";
			projectRoot = "";
			targets = (
				D78DFE3B25458FAD009673B3 /* SampleSwiftLint */,
			);
		};
/* End PBXProject section */

/* Begin PBXResourcesBuildPhase section */
		D78DFE3A25458FAD009673B3 /* Resources */ = {
			isa = PBXResourcesBuildPhase;
			buildActionMask = 2147483647;
			files = (
				D78DFE4F25458FAE009673B3 /* LaunchScreen.storyboard in Resources */,
				D78DFE4C25458FAE009673B3 /* Assets.xcassets in Resources */,
				D78DFE4725458FAD009673B3 /* Main.storyboard in Resources */,
			);
			runOnlyForDeploymentPostprocessing = 0;
		};
/* End PBXResourcesBuildPhase section */

/* Begin PBXShellScriptBuildPhase section */
		9584EBD778DC728F570DFBBD /* [CP] Check Pods Manifest.lock */ = {
			isa = PBXShellScriptBuildPhase;
			buildActionMask = 2147483647;
			files = (
			);
			inputFileListPaths = (
			);
			inputPaths = (
				"${PODS_PODFILE_DIR_PATH}/Podfile.lock",
				"${PODS_ROOT}/Manifest.lock",
			);
			name = "[CP] Check Pods Manifest.lock";
			outputFileListPaths = (
			);
			outputPaths = (
				"$(DERIVED_FILE_DIR)/Pods-SampleSwiftLint-checkManifestLockResult.txt",
			);
			runOnlyForDeploymentPostprocessing = 0;
			shellPath = /bin/sh;
			shellScript = "diff \"${PODS_PODFILE_DIR_PATH}/Podfile.lock\" \"${PODS_ROOT}/Manifest.lock\" > /dev/null\nif [ $? != 0 ] ; then\n    # print error to STDERR\n    echo \"error: The sandbox is not in sync with the Podfile.lock. Run 'pod install' or update your CocoaPods installation.\" >&2\n    exit 1\nfi\n# This output is used by Xcode 'outputs' to avoid re-running this script phase.\necho \"SUCCESS\" > \"${SCRIPT_OUTPUT_FILE_0}\"\n";
			showEnvVarsInLog = 0;
		};
/* End PBXShellScriptBuildPhase section */

/* Begin PBXSourcesBuildPhase section */
		D78DFE3825458FAD009673B3 /* Sources */ = {
			isa = PBXSourcesBuildPhase;
			buildActionMask = 2147483647;
			files = (
				D78DFE4425458FAD009673B3 /* ViewController.swift in Sources */,
				D78DFE4025458FAD009673B3 /* AppDelegate.swift in Sources */,
				D78DFE4A25458FAD009673B3 /* SampleSwiftLint.xcdatamodeld in Sources */,
				D78DFE4225458FAD009673B3 /* SceneDelegate.swift in Sources */,
			);
			runOnlyForDeploymentPostprocessing = 0;
		};
/* End PBXSourcesBuildPhase section */

/* Begin PBXVariantGroup section */
		D78DFE4525458FAD009673B3 /* Main.storyboard */ = {
			isa = PBXVariantGroup;
			children = (
				D78DFE4625458FAD009673B3 /* Base */,
			);
			name = Main.storyboard;
			sourceTree = "<group>";
		};
		D78DFE4D25458FAE009673B3 /* LaunchScreen.storyboard */ = {
			isa = PBXVariantGroup;
			children = (
				D78DFE4E25458FAE009673B3 /* Base */,
			);
			name = LaunchScreen.storyboard;
			sourceTree = "<group>";
		};
/* End PBXVariantGroup section */

/* Begin XCBuildConfiguration section */
		D78DFE5125458FAE009673B3 /* Debug */ = {
			isa = XCBuildConfiguration;
			buildSettings = {
				ALWAYS_SEARCH_USER_PATHS = NO;
				CLANG_ANALYZER_NONNULL = YES;
				CLANG_ANALYZER_NUMBER_OBJECT_CONVERSION = YES_AGGRESSIVE;
				CLANG_CXX_LANGUAGE_STANDARD = "gnu++14";
				CLANG_CXX_LIBRARY = "libc++";
				CLANG_ENABLE_MODULES = YES;
				CLANG_ENABLE_OBJC_ARC = YES;
				CLANG_ENABLE_OBJC_WEAK = YES;
				CLANG_WARN_BLOCK_CAPTURE_AUTORELEASING = YES;
				CLANG_WARN_BOOL_CONVERSION = YES;
				CLANG_WARN_COMMA = YES;
				CLANG_WARN_CONSTANT_CONVERSION = YES;
				CLANG_WARN_DEPRECATED_OBJC_IMPLEMENTATIONS = YES;
				CLANG_WARN_DIRECT_OBJC_ISA_USAGE = YES_ERROR;
				CLANG_WARN_DOCUMENTATION_COMMENTS = YES;
				CLANG_WARN_EMPTY_BODY = YES;
				CLANG_WARN_ENUM_CONVERSION = YES;
				CLANG_WARN_INFINITE_RECURSION = YES;
				CLANG_WARN_INT_CONVERSION = YES;
				CLANG_WARN_NON_LITERAL_NULL_CONVERSION = YES;
				CLANG_WARN_OBJC_IMPLICIT_RETAIN_SELF = YES;
				CLANG_WARN_OBJC_LITERAL_CONVERSION = YES;
				CLANG_WARN_OBJC_ROOT_CLASS = YES_ERROR;
				CLANG_WARN_QUOTED_INCLUDE_IN_FRAMEWORK_HEADER = YES;
				CLANG_WARN_RANGE_LOOP_ANALYSIS = YES;
				CLANG_WARN_STRICT_PROTOTYPES = YES;
				CLANG_WARN_SUSPICIOUS_MOVE = YES;
				CLANG_WARN_UNGUARDED_AVAILABILITY = YES_AGGRESSIVE;
				CLANG_WARN_UNREACHABLE_CODE = YES;
				CLANG_WARN__DUPLICATE_METHOD_MATCH = YES;
				COPY_PHASE_STRIP = NO;
				DEBUG_INFORMATION_FORMAT = dwarf;
				ENABLE_STRICT_OBJC_MSGSEND = YES;
				ENABLE_TESTABILITY = YES;
				GCC_C_LANGUAGE_STANDARD = gnu11;
				GCC_DYNAMIC_NO_PIC = NO;
				GCC_NO_COMMON_BLOCKS = YES;
				GCC_OPTIMIZATION_LEVEL = 0;
				GCC_PREPROCESSOR_DEFINITIONS = (
					"DEBUG=1",
					"$(inherited)",
				);
				GCC_WARN_64_TO_32_BIT_CONVERSION = YES;
				GCC_WARN_ABOUT_RETURN_TYPE = YES_ERROR;
				GCC_WARN_UNDECLARED_SELECTOR = YES;
				GCC_WARN_UNINITIALIZED_AUTOS = YES_AGGRESSIVE;
				GCC_WARN_UNUSED_FUNCTION = YES;
				GCC_WARN_UNUSED_VARIABLE = YES;
				IPHONEOS_DEPLOYMENT_TARGET = 14.1;
				MTL_ENABLE_DEBUG_INFO = INCLUDE_SOURCE;
				MTL_FAST_MATH = YES;
				ONLY_ACTIVE_ARCH = YES;
				SDKROOT = iphoneos;
				SWIFT_ACTIVE_COMPILATION_CONDITIONS = DEBUG;
				SWIFT_OPTIMIZATION_LEVEL = "-Onone";
			};
			name = Debug;
		};
		D78DFE5225458FAE009673B3 /* Release */ = {
			isa = XCBuildConfiguration;
			buildSettings = {
				ALWAYS_SEARCH_USER_PATHS = NO;
				CLANG_ANALYZER_NONNULL = YES;
				CLANG_ANALYZER_NUMBER_OBJECT_CONVERSION = YES_AGGRESSIVE;
				CLANG_CXX_LANGUAGE_STANDARD = "gnu++14";
				CLANG_CXX_LIBRARY = "libc++";
				CLANG_ENABLE_MODULES = YES;
				CLANG_ENABLE_OBJC_ARC = YES;
				CLANG_ENABLE_OBJC_WEAK = YES;
				CLANG_WARN_BLOCK_CAPTURE_AUTORELEASING = YES;
				CLANG_WARN_BOOL_CONVERSION = YES;
				CLANG_WARN_COMMA = YES;
				CLANG_WARN_CONSTANT_CONVERSION = YES;
				CLANG_WARN_DEPRECATED_OBJC_IMPLEMENTATIONS = YES;
				CLANG_WARN_DIRECT_OBJC_ISA_USAGE = YES_ERROR;
				CLANG_WARN_DOCUMENTATION_COMMENTS = YES;
				CLANG_WARN_EMPTY_BODY = YES;
				CLANG_WARN_ENUM_CONVERSION = YES;
				CLANG_WARN_INFINITE_RECURSION = YES;
				CLANG_WARN_INT_CONVERSION = YES;
				CLANG_WARN_NON_LITERAL_NULL_CONVERSION = YES;
				CLANG_WARN_OBJC_IMPLICIT_RETAIN_SELF = YES;
				CLANG_WARN_OBJC_LITERAL_CONVERSION = YES;
				CLANG_WARN_OBJC_ROOT_CLASS = YES_ERROR;
				CLANG_WARN_QUOTED_INCLUDE_IN_FRAMEWORK_HEADER = YES;
				CLANG_WARN_RANGE_LOOP_ANALYSIS = YES;
				CLANG_WARN_STRICT_PROTOTYPES = YES;
				CLANG_WARN_SUSPICIOUS_MOVE = YES;
				CLANG_WARN_UNGUARDED_AVAILABILITY = YES_AGGRESSIVE;
				CLANG_WARN_UNREACHABLE_CODE = YES;
				CLANG_WARN__DUPLICATE_METHOD_MATCH = YES;
				COPY_PHASE_STRIP = NO;
				DEBUG_INFORMATION_FORMAT = "dwarf-with-dsym";
				ENABLE_NS_ASSERTIONS = NO;
				ENABLE_STRICT_OBJC_MSGSEND = YES;
				GCC_C_LANGUAGE_STANDARD = gnu11;
				GCC_NO_COMMON_BLOCKS = YES;
				GCC_WARN_64_TO_32_BIT_CONVERSION = YES;
				GCC_WARN_ABOUT_RETURN_TYPE = YES_ERROR;
				GCC_WARN_UNDECLARED_SELECTOR = YES;
				GCC_WARN_UNINITIALIZED_AUTOS = YES_AGGRESSIVE;
				GCC_WARN_UNUSED_FUNCTION = YES;
				GCC_WARN_UNUSED_VARIABLE = YES;
				IPHONEOS_DEPLOYMENT_TARGET = 14.1;
				MTL_ENABLE_DEBUG_INFO = NO;
				MTL_FAST_MATH = YES;
				SDKROOT = iphoneos;
				SWIFT_COMPILATION_MODE = wholemodule;
				SWIFT_OPTIMIZATION_LEVEL = "-O";
				VALIDATE_PRODUCT = YES;
			};
			name = Release;
		};
		D78DFE5425458FAE009673B3 /* Debug */ = {
			isa = XCBuildConfiguration;
			baseConfigurationReference = D76610E004BE0D87C4AD6DF6 /* Pods-SampleSwiftLint.debug.xcconfig */;
			buildSettings = {
				ASSETCATALOG_COMPILER_APPICON_NAME = AppIcon;
				ASSETCATALOG_COMPILER_GLOBAL_ACCENT_COLOR_NAME = AccentColor;
				CODE_SIGN_STYLE = Automatic;
				DEVELOPMENT_TEAM = 9Y224ZS8GH;
				INFOPLIST_FILE = SampleSwiftLint/Info.plist;
				LD_RUNPATH_SEARCH_PATHS = (
					"$(inherited)",
					"@executable_path/Frameworks",
				);
				PRODUCT_BUNDLE_IDENTIFIER = com.ajisaputrars.SampleSwiftLint;
				PRODUCT_NAME = "$(TARGET_NAME)";
				SWIFT_VERSION = 5.0;
				TARGETED_DEVICE_FAMILY = "1,2";
			};
			name = Debug;
		};
		D78DFE5525458FAE009673B3 /* Release */ = {
			isa = XCBuildConfiguration;
			baseConfigurationReference = DFEB23A27AFB9A6338DB6D9A /* Pods-SampleSwiftLint.release.xcconfig */;
			buildSettings = {
				ASSETCATALOG_COMPILER_APPICON_NAME = AppIcon;
				ASSETCATALOG_COMPILER_GLOBAL_ACCENT_COLOR_NAME = AccentColor;
				CODE_SIGN_STYLE = Automatic;
				DEVELOPMENT_TEAM = 9Y224ZS8GH;
				INFOPLIST_FILE = SampleSwiftLint/Info.plist;
				LD_RUNPATH_SEARCH_PATHS = (
					"$(inherited)",
					"@executable_path/Frameworks",
				);
				PRODUCT_BUNDLE_IDENTIFIER = com.ajisaputrars.SampleSwiftLint;
				PRODUCT_NAME = "$(TARGET_NAME)";
				SWIFT_VERSION = 5.0;
				TARGETED_DEVICE_FAMILY = "1,2";
			};
			name = Release;
		};
/* End XCBuildConfiguration section */

/* Begin XCConfigurationList section */
		D78DFE3725458FAD009673B3 /* Build configuration list for PBXProject "SampleSwiftLint" */ = {
			isa = XCConfigurationList;
			buildConfigurations = (
				D78DFE5125458FAE009673B3 /* Debug */,
				D78DFE5225458FAE009673B3 /* Release */,
			);
			defaultConfigurationIsVisible = 0;
			defaultConfigurationName = Release;
		};
		D78DFE5325458FAE009673B3 /* Build configuration list for PBXNativeTarget "SampleSwiftLint" */ = {
			isa = XCConfigurationList;
			buildConfigurations = (
				D78DFE5425458FAE009673B3 /* Debug */,
				D78DFE5525458FAE009673B3 /* Release */,
			);
			defaultConfigurationIsVisible = 0;
			defaultConfigurationName = Release;
		};
/* End XCConfigurationList section */

/* Begin XCVersionGroup section */
		D78DFE4825458FAD009673B3 /* SampleSwiftLint.xcdatamodeld */ = {
			isa = XCVersionGroup;
			children = (
				D78DFE4925458FAD009673B3 /* SampleSwiftLint.xcdatamodel */,
			);
			currentVersion = D78DFE4925458FAD009673B3 /* SampleSwiftLint.xcdatamodel */;
			path = SampleSwiftLint.xcdatamodeld;
			sourceTree = "<group>";
			versionGroupType = wrapper.xcdatamodel;
		};
/* End XCVersionGroup section */
	};
	rootObject = D78DFE3425458FAD009673B3 /* Project object */;
}
